// !$*UTF8*$!
{
	archiveVersion = 1;
	classes = {
	};
	objectVersion = 46;
	objects = {

/* Begin PBXBuildFile section */
		466062991F24742D00AA2673 /* RRSwipeCell.h in Headers */ = {isa = PBXBuildFile; fileRef = 466062971F24742D00AA2673 /* RRSwipeCell.h */; settings = {ATTRIBUTES = (Public, ); }; };
		466062A11F24744400AA2673 /* RRSwipeCollectionViewCell.h in Headers */ = {isa = PBXBuildFile; fileRef = 4660629F1F24744400AA2673 /* RRSwipeCollectionViewCell.h */; settings = {ATTRIBUTES = (Public, ); }; };
		466062A21F24744400AA2673 /* RRSwipeCollectionViewCell.m in Sources */ = {isa = PBXBuildFile; fileRef = 466062A01F24744400AA2673 /* RRSwipeCollectionViewCell.m */; };
		466062AB1F2474B700AA2673 /* main.m in Sources */ = {isa = PBXBuildFile; fileRef = 466062AA1F2474B700AA2673 /* main.m */; };
		466062AE1F2474B700AA2673 /* AppDelegate.m in Sources */ = {isa = PBXBuildFile; fileRef = 466062AD1F2474B700AA2673 /* AppDelegate.m */; };
		466062B61F2474B700AA2673 /* Assets.xcassets in Resources */ = {isa = PBXBuildFile; fileRef = 466062B51F2474B700AA2673 /* Assets.xcassets */; };
		466062B91F2474B700AA2673 /* LaunchScreen.storyboard in Resources */ = {isa = PBXBuildFile; fileRef = 466062B71F2474B700AA2673 /* LaunchScreen.storyboard */; };
		466062C01F24769600AA2673 /* CollectionViewController.m in Sources */ = {isa = PBXBuildFile; fileRef = 466062BF1F24769600AA2673 /* CollectionViewController.m */; };
		466062C31F2476D100AA2673 /* CollectionViewCell.m in Sources */ = {isa = PBXBuildFile; fileRef = 466062C21F2476D100AA2673 /* CollectionViewCell.m */; };
		466062D01F24E9E800AA2673 /* RRSwipeAction.h in Headers */ = {isa = PBXBuildFile; fileRef = 466062C41F2487FC00AA2673 /* RRSwipeAction.h */; settings = {ATTRIBUTES = (Public, ); }; };
		466062D11F24E9EF00AA2673 /* RRSwipeAction.m in Sources */ = {isa = PBXBuildFile; fileRef = 466062C51F2487FC00AA2673 /* RRSwipeAction.m */; };
		466062D21F24E9F900AA2673 /* RRSwipeActionDelegate.h in Headers */ = {isa = PBXBuildFile; fileRef = 466062C71F248A4F00AA2673 /* RRSwipeActionDelegate.h */; settings = {ATTRIBUTES = (Public, ); }; };
		466062D31F24E9FC00AA2673 /* UICollectionView+RRSwipeCell.h in Headers */ = {isa = PBXBuildFile; fileRef = 466062C81F248B0900AA2673 /* UICollectionView+RRSwipeCell.h */; settings = {ATTRIBUTES = (Public, ); }; };
		466062D41F24E9FF00AA2673 /* UICollectionView+RRSwipeCell.m in Sources */ = {isa = PBXBuildFile; fileRef = 466062C91F248B0900AA2673 /* UICollectionView+RRSwipeCell.m */; };
		466062D51F24EA0500AA2673 /* RRSwipeActionsView.h in Headers */ = {isa = PBXBuildFile; fileRef = 466062CB1F2491DE00AA2673 /* RRSwipeActionsView.h */; };
		466062D61F24EA0500AA2673 /* RRSwipeActionsView.m in Sources */ = {isa = PBXBuildFile; fileRef = 466062CC1F2491DE00AA2673 /* RRSwipeActionsView.m */; };
		466062DA1F25072200AA2673 /* UICollectionView+RRSwipeCell_Internal.h in Headers */ = {isa = PBXBuildFile; fileRef = 466062D91F25072200AA2673 /* UICollectionView+RRSwipeCell_Internal.h */; };
		4696A7CD1F25D33400824DDF /* RRSwipeCell.framework in Frameworks */ = {isa = PBXBuildFile; fileRef = 466062941F24742D00AA2673 /* RRSwipeCell.framework */; };
		4696A7CE1F25D33400824DDF /* RRSwipeCell.framework in Embed Frameworks */ = {isa = PBXBuildFile; fileRef = 466062941F24742D00AA2673 /* RRSwipeCell.framework */; settings = {ATTRIBUTES = (CodeSignOnCopy, RemoveHeadersOnCopy, ); }; };
/* End PBXBuildFile section */

/* Begin PBXContainerItemProxy section */
		4696A7CF1F25D33400824DDF /* PBXContainerItemProxy */ = {
			isa = PBXContainerItemProxy;
			containerPortal = 4660628B1F24742D00AA2673 /* Project object */;
			proxyType = 1;
			remoteGlobalIDString = 466062931F24742D00AA2673;
			remoteInfo = RRSwipeCell;
		};
/* End PBXContainerItemProxy section */

/* Begin PBXCopyFilesBuildPhase section */
		4696A7D11F25D33400824DDF /* Embed Frameworks */ = {
			isa = PBXCopyFilesBuildPhase;
			buildActionMask = 2147483647;
			dstPath = "";
			dstSubfolderSpec = 10;
			files = (
				4696A7CE1F25D33400824DDF /* RRSwipeCell.framework in Embed Frameworks */,
			);
			name = "Embed Frameworks";
			runOnlyForDeploymentPostprocessing = 0;
		};
/* End PBXCopyFilesBuildPhase section */

/* Begin PBXFileReference section */
		466062941F24742D00AA2673 /* RRSwipeCell.framework */ = {isa = PBXFileReference; explicitFileType = wrapper.framework; includeInIndex = 0; path = RRSwipeCell.framework; sourceTree = BUILT_PRODUCTS_DIR; };
		466062971F24742D00AA2673 /* RRSwipeCell.h */ = {isa = PBXFileReference; lastKnownFileType = sourcecode.c.h; path = RRSwipeCell.h; sourceTree = "<group>"; };
		466062981F24742D00AA2673 /* Info.plist */ = {isa = PBXFileReference; lastKnownFileType = text.plist.xml; path = Info.plist; sourceTree = "<group>"; };
		4660629F1F24744400AA2673 /* RRSwipeCollectionViewCell.h */ = {isa = PBXFileReference; fileEncoding = 4; lastKnownFileType = sourcecode.c.h; path = RRSwipeCollectionViewCell.h; sourceTree = "<group>"; };
		466062A01F24744400AA2673 /* RRSwipeCollectionViewCell.m */ = {isa = PBXFileReference; fileEncoding = 4; lastKnownFileType = sourcecode.c.objc; path = RRSwipeCollectionViewCell.m; sourceTree = "<group>"; };
		466062A71F2474B700AA2673 /* Example.app */ = {isa = PBXFileReference; explicitFileType = wrapper.application; includeInIndex = 0; path = Example.app; sourceTree = BUILT_PRODUCTS_DIR; };
		466062AA1F2474B700AA2673 /* main.m */ = {isa = PBXFileReference; lastKnownFileType = sourcecode.c.objc; path = main.m; sourceTree = "<group>"; };
		466062AC1F2474B700AA2673 /* AppDelegate.h */ = {isa = PBXFileReference; lastKnownFileType = sourcecode.c.h; path = AppDelegate.h; sourceTree = "<group>"; };
		466062AD1F2474B700AA2673 /* AppDelegate.m */ = {isa = PBXFileReference; lastKnownFileType = sourcecode.c.objc; path = AppDelegate.m; sourceTree = "<group>"; };
		466062B51F2474B700AA2673 /* Assets.xcassets */ = {isa = PBXFileReference; lastKnownFileType = folder.assetcatalog; path = Assets.xcassets; sourceTree = "<group>"; };
		466062B81F2474B700AA2673 /* Base */ = {isa = PBXFileReference; lastKnownFileType = file.storyboard; name = Base; path = Base.lproj/LaunchScreen.storyboard; sourceTree = "<group>"; };
		466062BA1F2474B700AA2673 /* Info.plist */ = {isa = PBXFileReference; lastKnownFileType = text.plist.xml; path = Info.plist; sourceTree = "<group>"; };
		466062BE1F24769600AA2673 /* CollectionViewController.h */ = {isa = PBXFileReference; fileEncoding = 4; lastKnownFileType = sourcecode.c.h; path = CollectionViewController.h; sourceTree = "<group>"; };
		466062BF1F24769600AA2673 /* CollectionViewController.m */ = {isa = PBXFileReference; fileEncoding = 4; lastKnownFileType = sourcecode.c.objc; path = CollectionViewController.m; sourceTree = "<group>"; };
		466062C11F2476D100AA2673 /* CollectionViewCell.h */ = {isa = PBXFileReference; fileEncoding = 4; lastKnownFileType = sourcecode.c.h; path = CollectionViewCell.h; sourceTree = "<group>"; };
		466062C21F2476D100AA2673 /* CollectionViewCell.m */ = {isa = PBXFileReference; fileEncoding = 4; lastKnownFileType = sourcecode.c.objc; path = CollectionViewCell.m; sourceTree = "<group>"; };
		466062C41F2487FC00AA2673 /* RRSwipeAction.h */ = {isa = PBXFileReference; fileEncoding = 4; lastKnownFileType = sourcecode.c.h; path = RRSwipeAction.h; sourceTree = "<group>"; };
		466062C51F2487FC00AA2673 /* RRSwipeAction.m */ = {isa = PBXFileReference; fileEncoding = 4; lastKnownFileType = sourcecode.c.objc; path = RRSwipeAction.m; sourceTree = "<group>"; };
		466062C71F248A4F00AA2673 /* RRSwipeActionDelegate.h */ = {isa = PBXFileReference; fileEncoding = 4; lastKnownFileType = sourcecode.c.h; path = RRSwipeActionDelegate.h; sourceTree = "<group>"; };
		466062C81F248B0900AA2673 /* UICollectionView+RRSwipeCell.h */ = {isa = PBXFileReference; fileEncoding = 4; lastKnownFileType = sourcecode.c.h; path = "UICollectionView+RRSwipeCell.h"; sourceTree = "<group>"; };
		466062C91F248B0900AA2673 /* UICollectionView+RRSwipeCell.m */ = {isa = PBXFileReference; fileEncoding = 4; lastKnownFileType = sourcecode.c.objc; path = "UICollectionView+RRSwipeCell.m"; sourceTree = "<group>"; };
		466062CB1F2491DE00AA2673 /* RRSwipeActionsView.h */ = {isa = PBXFileReference; fileEncoding = 4; lastKnownFileType = sourcecode.c.h; path = RRSwipeActionsView.h; sourceTree = "<group>"; };
		466062CC1F2491DE00AA2673 /* RRSwipeActionsView.m */ = {isa = PBXFileReference; fileEncoding = 4; lastKnownFileType = sourcecode.c.objc; path = RRSwipeActionsView.m; sourceTree = "<group>"; };
		466062D91F25072200AA2673 /* UICollectionView+RRSwipeCell_Internal.h */ = {isa = PBXFileReference; fileEncoding = 4; lastKnownFileType = sourcecode.c.h; path = "UICollectionView+RRSwipeCell_Internal.h"; sourceTree = "<group>"; };
/* End PBXFileReference section */

/* Begin PBXFrameworksBuildPhase section */
		466062901F24742D00AA2673 /* Frameworks */ = {
			isa = PBXFrameworksBuildPhase;
			buildActionMask = 2147483647;
			files = (
			);
			runOnlyForDeploymentPostprocessing = 0;
		};
		466062A41F2474B700AA2673 /* Frameworks */ = {
			isa = PBXFrameworksBuildPhase;
			buildActionMask = 2147483647;
			files = (
				4696A7CD1F25D33400824DDF /* RRSwipeCell.framework in Frameworks */,
			);
			runOnlyForDeploymentPostprocessing = 0;
		};
/* End PBXFrameworksBuildPhase section */

/* Begin PBXGroup section */
		4660628A1F24742D00AA2673 = {
			isa = PBXGroup;
			children = (
				466062961F24742D00AA2673 /* Sources */,
				466062A81F2474B700AA2673 /* Example */,
				466062951F24742D00AA2673 /* Products */,
			);
			sourceTree = "<group>";
		};
		466062951F24742D00AA2673 /* Products */ = {
			isa = PBXGroup;
			children = (
				466062941F24742D00AA2673 /* RRSwipeCell.framework */,
				466062A71F2474B700AA2673 /* Example.app */,
			);
			name = Products;
			sourceTree = "<group>";
		};
		466062961F24742D00AA2673 /* Sources */ = {
			isa = PBXGroup;
			children = (
				466062971F24742D00AA2673 /* RRSwipeCell.h */,
				466062981F24742D00AA2673 /* Info.plist */,
				4660629F1F24744400AA2673 /* RRSwipeCollectionViewCell.h */,
				466062A01F24744400AA2673 /* RRSwipeCollectionViewCell.m */,
				466062C41F2487FC00AA2673 /* RRSwipeAction.h */,
				466062C51F2487FC00AA2673 /* RRSwipeAction.m */,
				466062C71F248A4F00AA2673 /* RRSwipeActionDelegate.h */,
				466062C81F248B0900AA2673 /* UICollectionView+RRSwipeCell.h */,
				466062D91F25072200AA2673 /* UICollectionView+RRSwipeCell_Internal.h */,
				466062C91F248B0900AA2673 /* UICollectionView+RRSwipeCell.m */,
				466062CB1F2491DE00AA2673 /* RRSwipeActionsView.h */,
				466062CC1F2491DE00AA2673 /* RRSwipeActionsView.m */,
			);
			path = Sources;
			sourceTree = "<group>";
		};
		466062A81F2474B700AA2673 /* Example */ = {
			isa = PBXGroup;
			children = (
				466062AC1F2474B700AA2673 /* AppDelegate.h */,
				466062AD1F2474B700AA2673 /* AppDelegate.m */,
				466062B51F2474B700AA2673 /* Assets.xcassets */,
				466062B71F2474B700AA2673 /* LaunchScreen.storyboard */,
				466062BA1F2474B700AA2673 /* Info.plist */,
				466062A91F2474B700AA2673 /* Supporting Files */,
				466062BE1F24769600AA2673 /* CollectionViewController.h */,
				466062BF1F24769600AA2673 /* CollectionViewController.m */,
				466062C11F2476D100AA2673 /* CollectionViewCell.h */,
				466062C21F2476D100AA2673 /* CollectionViewCell.m */,
			);
			path = Example;
			sourceTree = "<group>";
		};
		466062A91F2474B700AA2673 /* Supporting Files */ = {
			isa = PBXGroup;
			children = (
				466062AA1F2474B700AA2673 /* main.m */,
			);
			name = "Supporting Files";
			sourceTree = "<group>";
		};
/* End PBXGroup section */

/* Begin PBXHeadersBuildPhase section */
		466062911F24742D00AA2673 /* Headers */ = {
			isa = PBXHeadersBuildPhase;
			buildActionMask = 2147483647;
			files = (
				466062D01F24E9E800AA2673 /* RRSwipeAction.h in Headers */,
				466062D21F24E9F900AA2673 /* RRSwipeActionDelegate.h in Headers */,
				466062A11F24744400AA2673 /* RRSwipeCollectionViewCell.h in Headers */,
				466062D31F24E9FC00AA2673 /* UICollectionView+RRSwipeCell.h in Headers */,
				466062991F24742D00AA2673 /* RRSwipeCell.h in Headers */,
				466062DA1F25072200AA2673 /* UICollectionView+RRSwipeCell_Internal.h in Headers */,
				466062D51F24EA0500AA2673 /* RRSwipeActionsView.h in Headers */,
			);
			runOnlyForDeploymentPostprocessing = 0;
		};
/* End PBXHeadersBuildPhase section */

/* Begin PBXNativeTarget section */
		466062931F24742D00AA2673 /* RRSwipeCell */ = {
			isa = PBXNativeTarget;
			buildConfigurationList = 4660629C1F24742D00AA2673 /* Build configuration list for PBXNativeTarget "RRSwipeCell" */;
			buildPhases = (
				4660628F1F24742D00AA2673 /* Sources */,
				466062901F24742D00AA2673 /* Frameworks */,
				466062911F24742D00AA2673 /* Headers */,
				466062921F24742D00AA2673 /* Resources */,
			);
			buildRules = (
			);
			dependencies = (
			);
			name = RRSwipeCell;
			productName = RRSwipeCell;
			productReference = 466062941F24742D00AA2673 /* RRSwipeCell.framework */;
			productType = "com.apple.product-type.framework";
		};
		466062A61F2474B700AA2673 /* Example */ = {
			isa = PBXNativeTarget;
			buildConfigurationList = 466062BB1F2474B700AA2673 /* Build configuration list for PBXNativeTarget "Example" */;
			buildPhases = (
				466062A31F2474B700AA2673 /* Sources */,
				466062A41F2474B700AA2673 /* Frameworks */,
				466062A51F2474B700AA2673 /* Resources */,
				4696A7D11F25D33400824DDF /* Embed Frameworks */,
			);
			buildRules = (
			);
			dependencies = (
				4696A7D01F25D33400824DDF /* PBXTargetDependency */,
			);
			name = Example;
			productName = Example;
			productReference = 466062A71F2474B700AA2673 /* Example.app */;
			productType = "com.apple.product-type.application";
		};
/* End PBXNativeTarget section */

/* Begin PBXProject section */
		4660628B1F24742D00AA2673 /* Project object */ = {
			isa = PBXProject;
			attributes = {
				LastUpgradeCheck = 0830;
				ORGANIZATIONNAME = RedRain;
				TargetAttributes = {
					466062931F24742D00AA2673 = {
						CreatedOnToolsVersion = 8.3.3;
						DevelopmentTeam = XDN35K5RF2;
						ProvisioningStyle = Automatic;
					};
					466062A61F2474B700AA2673 = {
						CreatedOnToolsVersion = 8.3.3;
						DevelopmentTeam = XDN35K5RF2;
						ProvisioningStyle = Automatic;
					};
				};
			};
			buildConfigurationList = 4660628E1F24742D00AA2673 /* Build configuration list for PBXProject "RRSwipeCell" */;
			compatibilityVersion = "Xcode 3.2";
			developmentRegion = English;
			hasScannedForEncodings = 0;
			knownRegions = (
				en,
				Base,
			);
			mainGroup = 4660628A1F24742D00AA2673;
			productRefGroup = 466062951F24742D00AA2673 /* Products */;
			projectDirPath = "";
			projectRoot = "";
			targets = (
				466062931F24742D00AA2673 /* RRSwipeCell */,
				466062A61F2474B700AA2673 /* Example */,
			);
		};
/* End PBXProject section */

/* Begin PBXResourcesBuildPhase section */
		466062921F24742D00AA2673 /* Resources */ = {
			isa = PBXResourcesBuildPhase;
			buildActionMask = 2147483647;
			files = (
			);
			runOnlyForDeploymentPostprocessing = 0;
		};
		466062A51F2474B700AA2673 /* Resources */ = {
			isa = PBXResourcesBuildPhase;
			buildActionMask = 2147483647;
			files = (
				466062B91F2474B700AA2673 /* LaunchScreen.storyboard in Resources */,
				466062B61F2474B700AA2673 /* Assets.xcassets in Resources */,
			);
			runOnlyForDeploymentPostprocessing = 0;
		};
/* End PBXResourcesBuildPhase section */

/* Begin PBXSourcesBuildPhase section */
		4660628F1F24742D00AA2673 /* Sources */ = {
			isa = PBXSourcesBuildPhase;
			buildActionMask = 2147483647;
			files = (
				466062D11F24E9EF00AA2673 /* RRSwipeAction.m in Sources */,
				466062A21F24744400AA2673 /* RRSwipeCollectionViewCell.m in Sources */,
				466062D41F24E9FF00AA2673 /* UICollectionView+RRSwipeCell.m in Sources */,
				466062D61F24EA0500AA2673 /* RRSwipeActionsView.m in Sources */,
			);
			runOnlyForDeploymentPostprocessing = 0;
		};
		466062A31F2474B700AA2673 /* Sources */ = {
			isa = PBXSourcesBuildPhase;
			buildActionMask = 2147483647;
			files = (
				466062C01F24769600AA2673 /* CollectionViewController.m in Sources */,
				466062C31F2476D100AA2673 /* CollectionViewCell.m in Sources */,
				466062AE1F2474B700AA2673 /* AppDelegate.m in Sources */,
				466062AB1F2474B700AA2673 /* main.m in Sources */,
			);
			runOnlyForDeploymentPostprocessing = 0;
		};
/* End PBXSourcesBuildPhase section */

/* Begin PBXTargetDependency section */
		4696A7D01F25D33400824DDF /* PBXTargetDependency */ = {
			isa = PBXTargetDependency;
			target = 466062931F24742D00AA2673 /* RRSwipeCell */;
			targetProxy = 4696A7CF1F25D33400824DDF /* PBXContainerItemProxy */;
		};
/* End PBXTargetDependency section */

/* Begin PBXVariantGroup section */
		466062B71F2474B700AA2673 /* LaunchScreen.storyboard */ = {
			isa = PBXVariantGroup;
			children = (
				466062B81F2474B700AA2673 /* Base */,
			);
			name = LaunchScreen.storyboard;
			sourceTree = "<group>";
		};
/* End PBXVariantGroup section */

/* Begin XCBuildConfiguration section */
		4660629A1F24742D00AA2673 /* Debug */ = {
			isa = XCBuildConfiguration;
			buildSettings = {
				ALWAYS_SEARCH_USER_PATHS = NO;
				CLANG_ANALYZER_NONNULL = YES;
				CLANG_ANALYZER_NUMBER_OBJECT_CONVERSION = YES_AGGRESSIVE;
				CLANG_CXX_LANGUAGE_STANDARD = "gnu++0x";
				CLANG_CXX_LIBRARY = "libc++";
				CLANG_ENABLE_MODULES = YES;
				CLANG_ENABLE_OBJC_ARC = YES;
				CLANG_WARN_BOOL_CONVERSION = YES;
				CLANG_WARN_CONSTANT_CONVERSION = YES;
				CLANG_WARN_DIRECT_OBJC_ISA_USAGE = YES_ERROR;
				CLANG_WARN_DOCUMENTATION_COMMENTS = YES;
				CLANG_WARN_EMPTY_BODY = YES;
				CLANG_WARN_ENUM_CONVERSION = YES;
				CLANG_WARN_INFINITE_RECURSION = YES;
				CLANG_WARN_INT_CONVERSION = YES;
				CLANG_WARN_OBJC_ROOT_CLASS = YES_ERROR;
				CLANG_WARN_SUSPICIOUS_MOVE = YES;
				CLANG_WARN_UNREACHABLE_CODE = YES;
				CLANG_WARN__DUPLICATE_METHOD_MATCH = YES;
				"CODE_SIGN_IDENTITY[sdk=iphoneos*]" = "iPhone Developer";
				COPY_PHASE_STRIP = NO;
				CURRENT_PROJECT_VERSION = 1;
				DEBUG_INFORMATION_FORMAT = dwarf;
				ENABLE_STRICT_OBJC_MSGSEND = YES;
				ENABLE_TESTABILITY = YES;
				GCC_C_LANGUAGE_STANDARD = gnu99;
				GCC_DYNAMIC_NO_PIC = NO;
				GCC_NO_COMMON_BLOCKS = YES;
				GCC_OPTIMIZATION_LEVEL = 0;
				GCC_PREPROCESSOR_DEFINITIONS = (
					"DEBUG=1",
					"$(inherited)",
				);
				GCC_WARN_64_TO_32_BIT_CONVERSION = YES;
				GCC_WARN_ABOUT_RETURN_TYPE = YES_ERROR;
				GCC_WARN_UNDECLARED_SELECTOR = YES;
				GCC_WARN_UNINITIALIZED_AUTOS = YES_AGGRESSIVE;
				GCC_WARN_UNUSED_FUNCTION = YES;
				GCC_WARN_UNUSED_VARIABLE = YES;
				IPHONEOS_DEPLOYMENT_TARGET = 8.0;
				MTL_ENABLE_DEBUG_INFO = YES;
				ONLY_ACTIVE_ARCH = YES;
				SDKROOT = iphoneos;
				TARGETED_DEVICE_FAMILY = "1,2";
				VERSIONING_SYSTEM = "apple-generic";
				VERSION_INFO_PREFIX = "";
			};
			name = Debug;
		};
		4660629B1F24742D00AA2673 /* Release */ = {
			isa = XCBuildConfiguration;
			buildSettings = {
				ALWAYS_SEARCH_USER_PATHS = NO;
				CLANG_ANALYZER_NONNULL = YES;
				CLANG_ANALYZER_NUMBER_OBJECT_CONVERSION = YES_AGGRESSIVE;
				CLANG_CXX_LANGUAGE_STANDARD = "gnu++0x";
				CLANG_CXX_LIBRARY = "libc++";
				CLANG_ENABLE_MODULES = YES;
				CLANG_ENABLE_OBJC_ARC = YES;
				CLANG_WARN_BOOL_CONVERSION = YES;
				CLANG_WARN_CONSTANT_CONVERSION = YES;
				CLANG_WARN_DIRECT_OBJC_ISA_USAGE = YES_ERROR;
				CLANG_WARN_DOCUMENTATION_COMMENTS = YES;
				CLANG_WARN_EMPTY_BODY = YES;
				CLANG_WARN_ENUM_CONVERSION = YES;
				CLANG_WARN_INFINITE_RECURSION = YES;
				CLANG_WARN_INT_CONVERSION = YES;
				CLANG_WARN_OBJC_ROOT_CLASS = YES_ERROR;
				CLANG_WARN_SUSPICIOUS_MOVE = YES;
				CLANG_WARN_UNREACHABLE_CODE = YES;
				CLANG_WARN__DUPLICATE_METHOD_MATCH = YES;
				"CODE_SIGN_IDENTITY[sdk=iphoneos*]" = "iPhone Developer";
				COPY_PHASE_STRIP = NO;
				CURRENT_PROJECT_VERSION = 1;
				DEBUG_INFORMATION_FORMAT = "dwarf-with-dsym";
				ENABLE_NS_ASSERTIONS = NO;
				ENABLE_STRICT_OBJC_MSGSEND = YES;
				GCC_C_LANGUAGE_STANDARD = gnu99;
				GCC_NO_COMMON_BLOCKS = YES;
				GCC_WARN_64_TO_32_BIT_CONVERSION = YES;
				GCC_WARN_ABOUT_RETURN_TYPE = YES_ERROR;
				GCC_WARN_UNDECLARED_SELECTOR = YES;
				GCC_WARN_UNINITIALIZED_AUTOS = YES_AGGRESSIVE;
				GCC_WARN_UNUSED_FUNCTION = YES;
				GCC_WARN_UNUSED_VARIABLE = YES;
				IPHONEOS_DEPLOYMENT_TARGET = 8.0;
				MTL_ENABLE_DEBUG_INFO = NO;
				SDKROOT = iphoneos;
				TARGETED_DEVICE_FAMILY = "1,2";
				VALIDATE_PRODUCT = YES;
				VERSIONING_SYSTEM = "apple-generic";
				VERSION_INFO_PREFIX = "";
			};
			name = Release;
		};
		4660629D1F24742D00AA2673 /* Debug */ = {
			isa = XCBuildConfiguration;
			buildSettings = {
				CODE_SIGN_IDENTITY = "";
				DEFINES_MODULE = YES;
				DEVELOPMENT_TEAM = XDN35K5RF2;
				DYLIB_COMPATIBILITY_VERSION = 1;
				DYLIB_CURRENT_VERSION = 1;
				DYLIB_INSTALL_NAME_BASE = "@rpath";
				INFOPLIST_FILE = "$(SRCROOT)/Sources/Info.plist";
				INSTALL_PATH = "$(LOCAL_LIBRARY_DIR)/Frameworks";
				IPHONEOS_DEPLOYMENT_TARGET = 8.0;
				LD_RUNPATH_SEARCH_PATHS = "$(inherited) @executable_path/Frameworks @loader_path/Frameworks";
				PRODUCT_BUNDLE_IDENTIFIER = com.mochxiao.RRSwipeCell;
				PRODUCT_NAME = "$(TARGET_NAME)";
				SKIP_INSTALL = YES;
			};
			name = Debug;
		};
		4660629E1F24742D00AA2673 /* Release */ = {
			isa = XCBuildConfiguration;
			buildSettings = {
				CODE_SIGN_IDENTITY = "";
				DEFINES_MODULE = YES;
				DEVELOPMENT_TEAM = XDN35K5RF2;
				DYLIB_COMPATIBILITY_VERSION = 1;
				DYLIB_CURRENT_VERSION = 1;
				DYLIB_INSTALL_NAME_BASE = "@rpath";
				INFOPLIST_FILE = "$(SRCROOT)/Sources/Info.plist";
				INSTALL_PATH = "$(LOCAL_LIBRARY_DIR)/Frameworks";
				IPHONEOS_DEPLOYMENT_TARGET = 8.0;
				LD_RUNPATH_SEARCH_PATHS = "$(inherited) @executable_path/Frameworks @loader_path/Frameworks";
				PRODUCT_BUNDLE_IDENTIFIER = com.mochxiao.RRSwipeCell;
				PRODUCT_NAME = "$(TARGET_NAME)";
				SKIP_INSTALL = YES;
			};
			name = Release;
		};
		466062BC1F2474B700AA2673 /* Debug */ = {
			isa = XCBuildConfiguration;
			buildSettings = {
				ASSETCATALOG_COMPILER_APPICON_NAME = AppIcon;
				DEVELOPMENT_TEAM = XDN35K5RF2;
				INFOPLIST_FILE = Example/Info.plist;
				IPHONEOS_DEPLOYMENT_TARGET = 10.3;
				LD_RUNPATH_SEARCH_PATHS = "$(inherited) @executable_path/Frameworks";
				PRODUCT_BUNDLE_IDENTIFIER = com.mochxiao.Example;
				PRODUCT_NAME = "$(TARGET_NAME)";
			};
			name = Debug;
		};
		466062BD1F2474B700AA2673 /* Release */ = {
			isa = XCBuildConfiguration;
			buildSettings = {
				ASSETCATALOG_COMPILER_APPICON_NAME = AppIcon;
				DEVELOPMENT_TEAM = XDN35K5RF2;
				INFOPLIST_FILE = Example/Info.plist;
				IPHONEOS_DEPLOYMENT_TARGET = 10.3;
				LD_RUNPATH_SEARCH_PATHS = "$(inherited) @executable_path/Frameworks";
				PRODUCT_BUNDLE_IDENTIFIER = com.mochxiao.Example;
				PRODUCT_NAME = "$(TARGET_NAME)";
			};
			name = Release;
		};
/* End XCBuildConfiguration section */

/* Begin XCConfigurationList section */
		4660628E1F24742D00AA2673 /* Build configuration list for PBXProject "RRSwipeCell" */ = {
			isa = XCConfigurationList;
			buildConfigurations = (
				4660629A1F24742D00AA2673 /* Debug */,
				4660629B1F24742D00AA2673 /* Release */,
			);
			defaultConfigurationIsVisible = 0;
			defaultConfigurationName = Release;
		};
		4660629C1F24742D00AA2673 /* Build configuration list for PBXNativeTarget "RRSwipeCell" */ = {
			isa = XCConfigurationList;
			buildConfigurations = (
				4660629D1F24742D00AA2673 /* Debug */,
				4660629E1F24742D00AA2673 /* Release */,
			);
			defaultConfigurationIsVisible = 0;
			defaultConfigurationName = Release;
		};
		466062BB1F2474B700AA2673 /* Build configuration list for PBXNativeTarget "Example" */ = {
			isa = XCConfigurationList;
			buildConfigurations = (
				466062BC1F2474B700AA2673 /* Debug */,
				466062BD1F2474B700AA2673 /* Release */,
			);
			defaultConfigurationIsVisible = 0;
			defaultConfigurationName = Release;
		};
/* End XCConfigurationList section */
	};
	rootObject = 4660628B1F24742D00AA2673 /* Project object */;
}
